
Microsoft Visual Studio Solution File, Format Version 12.00
# Visual Studio Version 17
VisualStudioVersion = 17.6.33829.357
MinimumVisualStudioVersion = 10.0.40219.1
Project("{8BC9CEB8-8B4A-11D0-8D11-00A0C91BC942}") = "ShootingGame", "ShootingGame.vcxproj", "{D462A445-2094-4BE7-A806-6C2907548CEA}"
EndProject
Global
	GlobalSection(SolutionConfigurationPlatforms) = preSolution
		Debug|x64 = Debug|x64
		Debug|x86 = Debug|x86
		Release|x64 = Release|x64
		Release|x86 = Release|x86
	EndGlobalSection
	GlobalSection(ProjectConfigurationPlatforms) = postSolution
		{D462A445-2094-4BE7-A806-6C2907548CEA}.Debug|x64.ActiveCfg = Debug|x64
		{D462A445-2094-4BE7-A806-6C2907548CEA}.Debug|x64.Build.0 = Debug|x64
		{D462A445-2094-4BE7-A806-6C2907548CEA}.Debug|x86.ActiveCfg = Debug|Win32
		{D462A445-2094-4BE7-A806-6C2907548CEA}.Debug|x86.Build.0 = Debug|Win32
		{D462A445-2094-4BE7-A806-6C2907548CEA}.Release|x64.ActiveCfg = Release|x64
		{D462A445-2094-4BE7-A806-6C2907548CEA}.Release|x64.Build.0 = Release|x64
		{D462A445-2094-4BE7-A806-6C2907548CEA}.Release|x86.ActiveCfg = Release|Win32
		{D462A445-2094-4BE7-A806-6C2907548CEA}.Release|x86.Build.0 = Release|Win32
	EndGlobalSection
	GlobalSection(SolutionProperties) = preSolution
		HideSolutionNode = FALSE
	EndGlobalSection
	GlobalSection(ExtensibilityGlobals) = postSolution
		SolutionGuid = {0A67AB41-2022-49C0-A22F-C9B016DAA3B8}
	EndGlobalSection
EndGlobal
